
Microsoft Visual Studio Solution File, Format Version 12.00
Project("{FAE04EC0-301F-11D3-BF4B-00C04F79EFBC}") = "apbd_10", "apbd_10\apbd_10.csproj", "{FDFFA337-BBED-4E2B-84A9-FC64073DF5CE}"
EndProject
Global
	GlobalSection(SolutionConfigurationPlatforms) = preSolution
		Debug|Any CPU = Debug|Any CPU
		Release|Any CPU = Release|Any CPU
	EndGlobalSection
	GlobalSection(ProjectConfigurationPlatforms) = postSolution
		{FDFFA337-BBED-4E2B-84A9-FC64073DF5CE}.Debug|Any CPU.ActiveCfg = Debug|Any CPU
		{FDFFA337-BBED-4E2B-84A9-FC64073DF5CE}.Debug|Any CPU.Build.0 = Debug|Any CPU
		{FDFFA337-BBED-4E2B-84A9-FC64073DF5CE}.Release|Any CPU.ActiveCfg = Release|Any CPU
		{FDFFA337-BBED-4E2B-84A9-FC64073DF5CE}.Release|Any CPU.Build.0 = Release|Any CPU
	EndGlobalSection
EndGlobal
